
Microsoft Visual Studio Solution File, Format Version 12.00
# Visual Studio Version 17
VisualStudioVersion = 17.8.34601.278
MinimumVisualStudioVersion = 10.0.40219.1
Project("{FAE04EC0-301F-11D3-BF4B-00C04F79EFBC}") = "Mukicik", "Mukicik\Mukicik.csproj", "{527EAC80-36F2-42E8-A2B2-D8878D7645EF}"
EndProject
Global
	GlobalSection(SolutionConfigurationPlatforms) = preSolution
		Debug|Any CPU = Debug|Any CPU
		Release|Any CPU = Release|Any CPU
	EndGlobalSection
	GlobalSection(ProjectConfigurationPlatforms) = postSolution
		{527EAC80-36F2-42E8-A2B2-D8878D7645EF}.Debug|Any CPU.ActiveCfg = Debug|Any CPU
		{527EAC80-36F2-42E8-A2B2-D8878D7645EF}.Debug|Any CPU.Build.0 = Debug|Any CPU
		{527EAC80-36F2-42E8-A2B2-D8878D7645EF}.Release|Any CPU.ActiveCfg = Release|Any CPU
		{527EAC80-36F2-42E8-A2B2-D8878D7645EF}.Release|Any CPU.Build.0 = Release|Any CPU
	EndGlobalSection
	GlobalSection(SolutionProperties) = preSolution
		HideSolutionNode = FALSE
	EndGlobalSection
	GlobalSection(ExtensibilityGlobals) = postSolution
		SolutionGuid = {0BDAE63D-2E58-41F7-BE92-9FD29F355763}
	EndGlobalSection
EndGlobal
